
Microsoft Visual Studio Solution File, Format Version 12.00
# Visual Studio Version 17
VisualStudioVersion = 17.10.35004.147
MinimumVisualStudioVersion = 10.0.40219.1
Project("{FAE04EC0-301F-11D3-BF4B-00C04F79EFBC}") = "Dashboard", "Dashboard.csproj", "{674376D0-26DE-4F6F-8E85-3113680F17BB}"
EndProject
Global
	GlobalSection(SolutionConfigurationPlatforms) = preSolution
		Debug|Any CPU = Debug|Any CPU
		Release|Any CPU = Release|Any CPU
	EndGlobalSection
	GlobalSection(ProjectConfigurationPlatforms) = postSolution
		{674376D0-26DE-4F6F-8E85-3113680F17BB}.Debug|Any CPU.ActiveCfg = Debug|Any CPU
		{674376D0-26DE-4F6F-8E85-3113680F17BB}.Debug|Any CPU.Build.0 = Debug|Any CPU
		{674376D0-26DE-4F6F-8E85-3113680F17BB}.Release|Any CPU.ActiveCfg = Release|Any CPU
		{674376D0-26DE-4F6F-8E85-3113680F17BB}.Release|Any CPU.Build.0 = Release|Any CPU
	EndGlobalSection
	GlobalSection(SolutionProperties) = preSolution
		HideSolutionNode = FALSE
	EndGlobalSection
	GlobalSection(ExtensibilityGlobals) = postSolution
		SolutionGuid = {5FC978AE-FD2A-45BC-B801-F42C7DD1510A}
	EndGlobalSection
EndGlobal
